
Microsoft Visual Studio Solution File, Format Version 12.00
# Visual Studio Version 16
VisualStudioVersion = 16.0.31205.134
MinimumVisualStudioVersion = 10.0.40219.1
Project("{FAE04EC0-301F-11D3-BF4B-00C04F79EFBC}") = "supply_activity_app", "supply_activity_app.csproj", "{C742103B-35FA-48FB-8E14-D30D72F66B37}"
EndProject
Project("{FAE04EC0-301F-11D3-BF4B-00C04F79EFBC}") = "ChartLibrary", "ChartLibrary\ChartLibrary.csproj", "{2AAE414C-45D4-47BF-B543-705E821ED06F}"
EndProject
Global
	GlobalSection(SolutionConfigurationPlatforms) = preSolution
		Debug|Any CPU = Debug|Any CPU
		Release|Any CPU = Release|Any CPU
	EndGlobalSection
	GlobalSection(ProjectConfigurationPlatforms) = postSolution
		{C742103B-35FA-48FB-8E14-D30D72F66B37}.Debug|Any CPU.ActiveCfg = Debug|Any CPU
		{C742103B-35FA-48FB-8E14-D30D72F66B37}.Debug|Any CPU.Build.0 = Debug|Any CPU
		{C742103B-35FA-48FB-8E14-D30D72F66B37}.Release|Any CPU.ActiveCfg = Release|Any CPU
		{C742103B-35FA-48FB-8E14-D30D72F66B37}.Release|Any CPU.Build.0 = Release|Any CPU
		{2AAE414C-45D4-47BF-B543-705E821ED06F}.Debug|Any CPU.ActiveCfg = Debug|Any CPU
		{2AAE414C-45D4-47BF-B543-705E821ED06F}.Debug|Any CPU.Build.0 = Debug|Any CPU
		{2AAE414C-45D4-47BF-B543-705E821ED06F}.Release|Any CPU.ActiveCfg = Release|Any CPU
		{2AAE414C-45D4-47BF-B543-705E821ED06F}.Release|Any CPU.Build.0 = Release|Any CPU
	EndGlobalSection
	GlobalSection(SolutionProperties) = preSolution
		HideSolutionNode = FALSE
	EndGlobalSection
	GlobalSection(ExtensibilityGlobals) = postSolution
		SolutionGuid = {604F8738-19CA-4E5E-B707-165E1DADD914}
	EndGlobalSection
EndGlobal
